
Microsoft Visual Studio Solution File, Format Version 12.00
# Visual Studio Version 17
VisualStudioVersion = 17.5.33516.290
MinimumVisualStudioVersion = 10.0.40219.1
Project("{FAE04EC0-301F-11D3-BF4B-00C04F79EFBC}") = "StronglyTypedApi.Server", "Server\StronglyTypedApi.Server.csproj", "{7FADBF22-9395-43BA-9924-BD821A7F3388}"
EndProject
Project("{FAE04EC0-301F-11D3-BF4B-00C04F79EFBC}") = "StronglyTypedApi.Client", "Client\StronglyTypedApi.Client.csproj", "{9D7D21E2-1CB6-4987-8E96-74C48369BDF6}"
EndProject
Project("{FAE04EC0-301F-11D3-BF4B-00C04F79EFBC}") = "StronglyTypedApi.Shared", "Shared\StronglyTypedApi.Shared.csproj", "{F23FD6AB-A443-466B-A7F9-29957C67ACE7}"
EndProject
Global
	GlobalSection(SolutionConfigurationPlatforms) = preSolution
		Debug|Any CPU = Debug|Any CPU
		Release|Any CPU = Release|Any CPU
	EndGlobalSection
	GlobalSection(ProjectConfigurationPlatforms) = postSolution
		{7FADBF22-9395-43BA-9924-BD821A7F3388}.Debug|Any CPU.ActiveCfg = Debug|Any CPU
		{7FADBF22-9395-43BA-9924-BD821A7F3388}.Debug|Any CPU.Build.0 = Debug|Any CPU
		{7FADBF22-9395-43BA-9924-BD821A7F3388}.Release|Any CPU.ActiveCfg = Release|Any CPU
		{7FADBF22-9395-43BA-9924-BD821A7F3388}.Release|Any CPU.Build.0 = Release|Any CPU
		{9D7D21E2-1CB6-4987-8E96-74C48369BDF6}.Debug|Any CPU.ActiveCfg = Debug|Any CPU
		{9D7D21E2-1CB6-4987-8E96-74C48369BDF6}.Debug|Any CPU.Build.0 = Debug|Any CPU
		{9D7D21E2-1CB6-4987-8E96-74C48369BDF6}.Release|Any CPU.ActiveCfg = Release|Any CPU
		{9D7D21E2-1CB6-4987-8E96-74C48369BDF6}.Release|Any CPU.Build.0 = Release|Any CPU
		{F23FD6AB-A443-466B-A7F9-29957C67ACE7}.Debug|Any CPU.ActiveCfg = Debug|Any CPU
		{F23FD6AB-A443-466B-A7F9-29957C67ACE7}.Debug|Any CPU.Build.0 = Debug|Any CPU
		{F23FD6AB-A443-466B-A7F9-29957C67ACE7}.Release|Any CPU.ActiveCfg = Release|Any CPU
		{F23FD6AB-A443-466B-A7F9-29957C67ACE7}.Release|Any CPU.Build.0 = Release|Any CPU
	EndGlobalSection
	GlobalSection(SolutionProperties) = preSolution
		HideSolutionNode = FALSE
	EndGlobalSection
	GlobalSection(ExtensibilityGlobals) = postSolution
		SolutionGuid = {888FD0C5-063B-4A4A-9466-AE18BFA60A9E}
	EndGlobalSection
EndGlobal
